{
  "name": "plantuml",
  "version": "2.14.4",
  "lockfileVersion": 2,
  "requires": true,
  "packages": {
    "": {
      "name": "plantuml",
      "version": "2.14.4",
      "license": "SEE LICENSE IN LICENSE.txt",
      "dependencies": {
        "linq-collections": "*",
        "vscode-nls": "^2.0.2"
      },
      "devDependencies": {
        "@types/mocha": "^2.2.32",
        "@types/node": "^6.0.40",
        "@types/vscode": "^1.39.0",
        "js-yaml": "^3.13.1",
        "markdown-it": "^8.3.2",
        "plist": "^3.0.2",
        "typescript": "^3.7.2"
      },
      "engines": {
        "vscode": "^1.39.0"
      }
    },
    "node_modules/@types/mocha": {
      "version": "2.2.32",
      "resolved": "https://registry.npmjs.org/@types/mocha/-/mocha-2.2.32.tgz",
      "integrity": "sha1-3aDabq8hldL/gI9CoXJbGhnn7Wk=",
      "dev": true
    },
    "node_modules/@types/node": {
      "version": "6.0.46",
      "resolved": "https://registry.npmjs.org/@types/node/-/node-6.0.46.tgz",
      "integrity": "sha1-jZ5IVygx8FsRzEx5N1TUNDchnWI=",
      "dev": true
    },
    "node_modules/@types/vscode": {
      "version": "1.52.0",
      "resolved": "https://registry.npmjs.org/@types/vscode/-/vscode-1.52.0.tgz",
      "integrity": "sha512-Kt3bvWzAvvF/WH9YEcrCICDp0Z7aHhJGhLJ1BxeyNP6yRjonWqWnAIh35/pXAjswAnWOABrYlF7SwXR9+1nnLA==",
      "dev": true
    },
    "node_modules/argparse": {
      "version": "1.0.9",
      "resolved": "https://registry.npmjs.org/argparse/-/argparse-1.0.9.tgz",
      "integrity": "sha1-c9g7wmP4bpf4zE9rrhsOkKfSLIY=",
      "dev": true,
      "dependencies": {
        "sprintf-js": "~1.0.2"
      }
    },
    "node_modules/base64-js": {
      "version": "1.5.1",
      "resolved": "https://registry.npmjs.org/base64-js/-/base64-js-1.5.1.tgz",
      "integrity": "sha512-AKpaYlHn8t4SVbOHCy+b5+KKgvR4vrsD8vbvrbiQJps7fKDTkjkDry6ji0rUJjC0kzbNePLwzxq8iypo41qeWA==",
      "dev": true,
      "funding": [
        {
          "type": "github",
          "url": "https://github.com/sponsors/feross"
        },
        {
          "type": "patreon",
          "url": "https://www.patreon.com/feross"
        },
        {
          "type": "consulting",
          "url": "https://feross.org/support"
        }
      ]
    },
    "node_modules/entities": {
      "version": "1.1.1",
      "resolved": "https://registry.npmjs.org/entities/-/entities-1.1.1.tgz",
      "integrity": "sha1-blwtClYhtdra7O+AuQ7ftc13cvA=",
      "dev": true
    },
    "node_modules/esprima": {
      "version": "4.0.1",
      "resolved": "https://registry.npmjs.org/esprima/-/esprima-4.0.1.tgz",
      "integrity": "sha512-eGuFFw7Upda+g4p+QHvnW0RyTX/SVeJBDM/gCtMARO0cLuT2HcEKnTPvhjV6aGeqrCB/sbNop0Kszm0jsaWU4A==",
      "dev": true,
      "bin": {
        "esparse": "bin/esparse.js",
        "esvalidate": "bin/esvalidate.js"
      },
      "engines": {
        "node": ">=4"
      }
    },
    "node_modules/js-yaml": {
      "version": "3.13.1",
      "resolved": "https://registry.npmjs.org/js-yaml/-/js-yaml-3.13.1.tgz",
      "integrity": "sha512-YfbcO7jXDdyj0DGxYVSlSeQNHbD7XPWvrVWeVUujrQEoZzWJIRrCPoyk6kL6IAjAG2IolMK4T0hNUe0HOUs5Jw==",
      "dev": true,
      "dependencies": {
        "argparse": "^1.0.7",
        "esprima": "^4.0.0"
      },
      "bin": {
        "js-yaml": "bin/js-yaml.js"
      }
    },
    "node_modules/linkify-it": {
      "version": "2.0.3",
      "resolved": "https://registry.npmjs.org/linkify-it/-/linkify-it-2.0.3.tgz",
      "integrity": "sha1-2UpGSPmxwXnWT6lykSaL22zpQ08=",
      "dev": true,
      "dependencies": {
        "uc.micro": "^1.0.1"
      }
    },
    "node_modules/linq-collections": {
      "version": "1.0.254",
      "resolved": "https://registry.npmjs.org/linq-collections/-/linq-collections-1.0.254.tgz",
      "integrity": "sha512-SGg0LG+sNfAYm5c3QRPJhAi9I/MtY8e0TjfftsSlsqNKDJPTH22Bcsaq6vlTitgZEfXbY1yn9U9YgwoyGGH2PA=="
    },
    "node_modules/markdown-it": {
      "version": "8.3.2",
      "resolved": "https://registry.npmjs.org/markdown-it/-/markdown-it-8.3.2.tgz",
      "integrity": "sha1-30uGUw0Xw7yb7sO2jXcLkuoXrpY=",
      "dev": true,
      "dependencies": {
        "argparse": "^1.0.7",
        "entities": "~1.1.1",
        "linkify-it": "^2.0.0",
        "mdurl": "^1.0.1",
        "uc.micro": "^1.0.3"
      },
      "bin": {
        "markdown-it": "bin/markdown-it.js"
      }
    },
    "node_modules/mdurl": {
      "version": "1.0.1",
      "resolved": "https://registry.npmjs.org/mdurl/-/mdurl-1.0.1.tgz",
      "integrity": "sha1-/oWy7HWlkDfyrf7BAP1sYBdhFS4=",
      "dev": true
    },
    "node_modules/plist": {
      "version": "3.0.2",
      "resolved": "https://registry.npmjs.org/plist/-/plist-3.0.2.tgz",
      "integrity": "sha512-MSrkwZBdQ6YapHy87/8hDU8MnIcyxBKjeF+McXnr5A9MtffPewTs7G3hlpodT5TacyfIyFTaJEhh3GGcmasTgQ==",
      "dev": true,
      "dependencies": {
        "base64-js": "^1.5.1",
        "xmlbuilder": "^9.0.7",
        "xmldom": "^0.5.0"
      },
      "engines": {
        "node": ">=6"
      }
    },
    "node_modules/sprintf-js": {
      "version": "1.0.3",
      "resolved": "https://registry.npmjs.org/sprintf-js/-/sprintf-js-1.0.3.tgz",
      "integrity": "sha1-BOaSb2YolTVPPdAVIDYzuFcpfiw=",
      "dev": true
    },
    "node_modules/typescript": {
      "version": "3.7.2",
      "resolved": "https://registry.npmjs.org/typescript/-/typescript-3.7.2.tgz",
      "integrity": "sha512-ml7V7JfiN2Xwvcer+XAf2csGO1bPBdRbFCkYBczNZggrBZ9c7G3riSUeJmqEU5uOtXNPMhE3n+R4FA/3YOAWOQ==",
      "dev": true,
      "bin": {
        "tsc": "bin/tsc",
        "tsserver": "bin/tsserver"
      },
      "engines": {
        "node": ">=4.2.0"
      }
    },
    "node_modules/uc.micro": {
      "version": "1.0.3",
      "resolved": "https://registry.npmjs.org/uc.micro/-/uc.micro-1.0.3.tgz",
      "integrity": "sha1-ftUNXg+an7ClczeSWfKndFjVAZI=",
      "dev": true
    },
    "node_modules/vscode-nls": {
      "version": "2.0.2",
      "resolved": "https://registry.npmjs.org/vscode-nls/-/vscode-nls-2.0.2.tgz",
      "integrity": "sha1-gIUiOAhEuK0VNJmvXDsDkhrqAto="
    },
    "node_modules/xmlbuilder": {
      "version": "9.0.7",
      "resolved": "https://registry.npmjs.org/xmlbuilder/-/xmlbuilder-9.0.7.tgz",
      "integrity": "sha1-Ey7mPS7FVlxVfiD0wi35rKaGsQ0=",
      "dev": true,
      "engines": {
        "node": ">=4.0"
      }
    },
    "node_modules/xmldom": {
      "version": "0.5.0",
      "resolved": "https://registry.npmjs.org/xmldom/-/xmldom-0.5.0.tgz",
      "integrity": "sha512-Foaj5FXVzgn7xFzsKeNIde9g6aFBxTPi37iwsno8QvApmtg7KYrr+OPyRHcJF7dud2a5nGRBXK3n0dL62Gf7PA==",
      "dev": true,
      "engines": {
        "node": ">=10.0.0"
      }
    }
  },
  "dependencies": {
    "@types/mocha": {
      "version": "2.2.32",
      "resolved": "https://registry.npmjs.org/@types/mocha/-/mocha-2.2.32.tgz",
      "integrity": "sha1-3aDabq8hldL/gI9CoXJbGhnn7Wk=",
      "dev": true
    },
    "@types/node": {
      "version": "6.0.46",
      "resolved": "https://registry.npmjs.org/@types/node/-/node-6.0.46.tgz",
      "integrity": "sha1-jZ5IVygx8FsRzEx5N1TUNDchnWI=",
      "dev": true
    },
    "@types/vscode": {
      "version": "1.52.0",
      "resolved": "https://registry.npmjs.org/@types/vscode/-/vscode-1.52.0.tgz",
      "integrity": "sha512-Kt3bvWzAvvF/WH9YEcrCICDp0Z7aHhJGhLJ1BxeyNP6yRjonWqWnAIh35/pXAjswAnWOABrYlF7SwXR9+1nnLA==",
      "dev": true
    },
    "argparse": {
      "version": "1.0.9",
      "resolved": "https://registry.npmjs.org/argparse/-/argparse-1.0.9.tgz",
      "integrity": "sha1-c9g7wmP4bpf4zE9rrhsOkKfSLIY=",
      "dev": true,
      "requires": {
        "sprintf-js": "~1.0.2"
      }
    },
    "base64-js": {
      "version": "1.5.1",
      "resolved": "https://registry.npmjs.org/base64-js/-/base64-js-1.5.1.tgz",
      "integrity": "sha512-AKpaYlHn8t4SVbOHCy+b5+KKgvR4vrsD8vbvrbiQJps7fKDTkjkDry6ji0rUJjC0kzbNePLwzxq8iypo41qeWA==",
      "dev": true
    },
    "entities": {
      "version": "1.1.1",
      "resolved": "https://registry.npmjs.org/entities/-/entities-1.1.1.tgz",
      "integrity": "sha1-blwtClYhtdra7O+AuQ7ftc13cvA=",
      "dev": true
    },
    "esprima": {
      "version": "4.0.1",
      "resolved": "https://registry.npmjs.org/esprima/-/esprima-4.0.1.tgz",
      "integrity": "sha512-eGuFFw7Upda+g4p+QHvnW0RyTX/SVeJBDM/gCtMARO0cLuT2HcEKnTPvhjV6aGeqrCB/sbNop0Kszm0jsaWU4A==",
      "dev": true
    },
    "js-yaml": {
      "version": "3.13.1",
      "resolved": "https://registry.npmjs.org/js-yaml/-/js-yaml-3.13.1.tgz",
      "integrity": "sha512-YfbcO7jXDdyj0DGxYVSlSeQNHbD7XPWvrVWeVUujrQEoZzWJIRrCPoyk6kL6IAjAG2IolMK4T0hNUe0HOUs5Jw==",
      "dev": true,
      "requires": {
        "argparse": "^1.0.7",
        "esprima": "^4.0.0"
      }
    },
    "linkify-it": {
      "version": "2.0.3",
      "resolved": "https://registry.npmjs.org/linkify-it/-/linkify-it-2.0.3.tgz",
      "integrity": "sha1-2UpGSPmxwXnWT6lykSaL22zpQ08=",
      "dev": true,
      "requires": {
        "uc.micro": "^1.0.1"
      }
    },
    "linq-collections": {
      "version": "1.0.254",
      "resolved": "https://registry.npmjs.org/linq-collections/-/linq-collections-1.0.254.tgz",
      "integrity": "sha512-SGg0LG+sNfAYm5c3QRPJhAi9I/MtY8e0TjfftsSlsqNKDJPTH22Bcsaq6vlTitgZEfXbY1yn9U9YgwoyGGH2PA=="
    },
    "markdown-it": {
      "version": "8.3.2",
      "resolved": "https://registry.npmjs.org/markdown-it/-/markdown-it-8.3.2.tgz",
      "integrity": "sha1-30uGUw0Xw7yb7sO2jXcLkuoXrpY=",
      "dev": true,
      "requires": {
        "argparse": "^1.0.7",
        "entities": "~1.1.1",
        "linkify-it": "^2.0.0",
        "mdurl": "^1.0.1",
        "uc.micro": "^1.0.3"
      }
    },
    "mdurl": {
      "version": "1.0.1",
      "resolved": "https://registry.npmjs.org/mdurl/-/mdurl-1.0.1.tgz",
      "integrity": "sha1-/oWy7HWlkDfyrf7BAP1sYBdhFS4=",
      "dev": true
    },
    "plist": {
      "version": "3.0.2",
      "resolved": "https://registry.npmjs.org/plist/-/plist-3.0.2.tgz",
      "integrity": "sha512-MSrkwZBdQ6YapHy87/8hDU8MnIcyxBKjeF+McXnr5A9MtffPewTs7G3hlpodT5TacyfIyFTaJEhh3GGcmasTgQ==",
      "dev": true,
      "requires": {
        "base64-js": "^1.5.1",
        "xmlbuilder": "^9.0.7",
        "xmldom": "^0.5.0"
      }
    },
    "sprintf-js": {
      "version": "1.0.3",
      "resolved": "https://registry.npmjs.org/sprintf-js/-/sprintf-js-1.0.3.tgz",
      "integrity": "sha1-BOaSb2YolTVPPdAVIDYzuFcpfiw=",
      "dev": true
    },
    "typescript": {
      "version": "3.7.2",
      "resolved": "https://registry.npmjs.org/typescript/-/typescript-3.7.2.tgz",
      "integrity": "sha512-ml7V7JfiN2Xwvcer+XAf2csGO1bPBdRbFCkYBczNZggrBZ9c7G3riSUeJmqEU5uOtXNPMhE3n+R4FA/3YOAWOQ==",
      "dev": true
    },
    "uc.micro": {
      "version": "1.0.3",
      "resolved": "https://registry.npmjs.org/uc.micro/-/uc.micro-1.0.3.tgz",
      "integrity": "sha1-ftUNXg+an7ClczeSWfKndFjVAZI=",
      "dev": true
    },
    "vscode-nls": {
      "version": "2.0.2",
      "resolved": "https://registry.npmjs.org/vscode-nls/-/vscode-nls-2.0.2.tgz",
      "integrity": "sha1-gIUiOAhEuK0VNJmvXDsDkhrqAto="
    },
    "xmlbuilder": {
      "version": "9.0.7",
      "resolved": "https://registry.npmjs.org/xmlbuilder/-/xmlbuilder-9.0.7.tgz",
      "integrity": "sha1-Ey7mPS7FVlxVfiD0wi35rKaGsQ0=",
      "dev": true
    },
    "xmldom": {
      "version": "0.5.0",
      "resolved": "https://registry.npmjs.org/xmldom/-/xmldom-0.5.0.tgz",
      "integrity": "sha512-Foaj5FXVzgn7xFzsKeNIde9g6aFBxTPi37iwsno8QvApmtg7KYrr+OPyRHcJF7dud2a5nGRBXK3n0dL62Gf7PA==",
      "dev": true
    }
  }
}
