{
  "name": "plantuml",
  "version": "2.14.2",
  "lockfileVersion": 1,
  "requires": true,
  "dependencies": {
    "@types/mocha": {
      "version": "2.2.32",
      "resolved": "https://registry.npmjs.org/@types/mocha/-/mocha-2.2.32.tgz",
      "integrity": "sha1-3aDabq8hldL/gI9CoXJbGhnn7Wk=",
      "dev": true
    },
    "@types/node": {
      "version": "6.0.46",
      "resolved": "https://registry.npmjs.org/@types/node/-/node-6.0.46.tgz",
      "integrity": "sha1-jZ5IVygx8FsRzEx5N1TUNDchnWI=",
      "dev": true
    },
    "@types/vscode": {
      "version": "1.52.0",
      "resolved": "https://registry.npmjs.org/@types/vscode/-/vscode-1.52.0.tgz",
      "integrity": "sha512-Kt3bvWzAvvF/WH9YEcrCICDp0Z7aHhJGhLJ1BxeyNP6yRjonWqWnAIh35/pXAjswAnWOABrYlF7SwXR9+1nnLA==",
      "dev": true
    },
    "argparse": {
      "version": "1.0.9",
      "resolved": "https://registry.npmjs.org/argparse/-/argparse-1.0.9.tgz",
      "integrity": "sha1-c9g7wmP4bpf4zE9rrhsOkKfSLIY=",
      "dev": true,
      "requires": {
        "sprintf-js": "~1.0.2"
      }
    },
    "base64-js": {
      "version": "1.1.2",
      "resolved": "https://registry.npmjs.org/base64-js/-/base64-js-1.1.2.tgz",
      "integrity": "sha1-1kAMrBxMZgl22Q0HoENR2JOV9eg=",
      "dev": true
    },
    "entities": {
      "version": "1.1.1",
      "resolved": "https://registry.npmjs.org/entities/-/entities-1.1.1.tgz",
      "integrity": "sha1-blwtClYhtdra7O+AuQ7ftc13cvA=",
      "dev": true
    },
    "esprima": {
      "version": "4.0.1",
      "resolved": "https://registry.npmjs.org/esprima/-/esprima-4.0.1.tgz",
      "integrity": "sha512-eGuFFw7Upda+g4p+QHvnW0RyTX/SVeJBDM/gCtMARO0cLuT2HcEKnTPvhjV6aGeqrCB/sbNop0Kszm0jsaWU4A==",
      "dev": true
    },
    "js-yaml": {
      "version": "3.13.1",
      "resolved": "https://registry.npmjs.org/js-yaml/-/js-yaml-3.13.1.tgz",
      "integrity": "sha512-YfbcO7jXDdyj0DGxYVSlSeQNHbD7XPWvrVWeVUujrQEoZzWJIRrCPoyk6kL6IAjAG2IolMK4T0hNUe0HOUs5Jw==",
      "dev": true,
      "requires": {
        "argparse": "^1.0.7",
        "esprima": "^4.0.0"
      }
    },
    "linkify-it": {
      "version": "2.0.3",
      "resolved": "https://registry.npmjs.org/linkify-it/-/linkify-it-2.0.3.tgz",
      "integrity": "sha1-2UpGSPmxwXnWT6lykSaL22zpQ08=",
      "dev": true,
      "requires": {
        "uc.micro": "^1.0.1"
      }
    },
    "linq-collections": {
      "version": "1.0.254",
      "resolved": "https://registry.npmjs.org/linq-collections/-/linq-collections-1.0.254.tgz",
      "integrity": "sha512-SGg0LG+sNfAYm5c3QRPJhAi9I/MtY8e0TjfftsSlsqNKDJPTH22Bcsaq6vlTitgZEfXbY1yn9U9YgwoyGGH2PA=="
    },
    "markdown-it": {
      "version": "8.3.2",
      "resolved": "https://registry.npmjs.org/markdown-it/-/markdown-it-8.3.2.tgz",
      "integrity": "sha1-30uGUw0Xw7yb7sO2jXcLkuoXrpY=",
      "dev": true,
      "requires": {
        "argparse": "^1.0.7",
        "entities": "~1.1.1",
        "linkify-it": "^2.0.0",
        "mdurl": "^1.0.1",
        "uc.micro": "^1.0.3"
      }
    },
    "mdurl": {
      "version": "1.0.1",
      "resolved": "https://registry.npmjs.org/mdurl/-/mdurl-1.0.1.tgz",
      "integrity": "sha1-/oWy7HWlkDfyrf7BAP1sYBdhFS4=",
      "dev": true
    },
    "plist": {
      "version": "2.0.1",
      "resolved": "https://registry.npmjs.org/plist/-/plist-2.0.1.tgz",
      "integrity": "sha1-CjLKlIGxw2TpLhjcVch23p0B2os=",
      "dev": true,
      "requires": {
        "base64-js": "1.1.2",
        "xmlbuilder": "8.2.2",
        "xmldom": "0.1.x"
      }
    },
    "sprintf-js": {
      "version": "1.0.3",
      "resolved": "https://registry.npmjs.org/sprintf-js/-/sprintf-js-1.0.3.tgz",
      "integrity": "sha1-BOaSb2YolTVPPdAVIDYzuFcpfiw=",
      "dev": true
    },
    "typescript": {
      "version": "3.7.2",
      "resolved": "https://registry.npmjs.org/typescript/-/typescript-3.7.2.tgz",
      "integrity": "sha512-ml7V7JfiN2Xwvcer+XAf2csGO1bPBdRbFCkYBczNZggrBZ9c7G3riSUeJmqEU5uOtXNPMhE3n+R4FA/3YOAWOQ==",
      "dev": true
    },
    "uc.micro": {
      "version": "1.0.3",
      "resolved": "https://registry.npmjs.org/uc.micro/-/uc.micro-1.0.3.tgz",
      "integrity": "sha1-ftUNXg+an7ClczeSWfKndFjVAZI=",
      "dev": true
    },
    "vscode-nls": {
      "version": "2.0.2",
      "resolved": "https://registry.npmjs.org/vscode-nls/-/vscode-nls-2.0.2.tgz",
      "integrity": "sha1-gIUiOAhEuK0VNJmvXDsDkhrqAto="
    },
    "xmlbuilder": {
      "version": "8.2.2",
      "resolved": "https://registry.npmjs.org/xmlbuilder/-/xmlbuilder-8.2.2.tgz",
      "integrity": "sha1-aSSGc0ELS6QuGmE2VR0pIjNap3M=",
      "dev": true
    },
    "xmldom": {
      "version": "0.1.27",
      "resolved": "https://registry.npmjs.org/xmldom/-/xmldom-0.1.27.tgz",
      "integrity": "sha1-1QH5ezvbQDr4757MIFcxh6rawOk=",
      "dev": true
    }
  }
}
